
Microsoft Visual Studio Solution File, Format Version 12.00
# Visual Studio 14
VisualStudioVersion = 14.0.23107.0
MinimumVisualStudioVersion = 10.0.40219.1
Project("{FAE04EC0-301F-11D3-BF4B-00C04F79EFBC}") = "Netstats.Tests", "Netstats.Network.Tests\Netstats.Tests.csproj", "{D419B31A-D153-46C4-A42C-4972001BEF96}"
EndProject
Project("{FAE04EC0-301F-11D3-BF4B-00C04F79EFBC}") = "Netstats.UI", "NetStats.UI\Netstats.UI.csproj", "{0F56EDA9-CF7F-4C49-A67B-3FCD434D4902}"
EndProject
Project("{FAE04EC0-301F-11D3-BF4B-00C04F79EFBC}") = "Netstats.Core", "Netstats.Core\Netstats.Core.csproj", "{C07AE3AA-A334-4ED2-AC8E-3B8B8F748669}"
EndProject
Project("{2150E333-8FDC-42A3-9474-1A3956D46DE8}") = "Src", "Src", "{61F6B874-EA29-4E5B-9702-F3C1D04721DF}"
EndProject
Global
	GlobalSection(SolutionConfigurationPlatforms) = preSolution
		Debug|Any CPU = Debug|Any CPU
		Release|Any CPU = Release|Any CPU
	EndGlobalSection
	GlobalSection(ProjectConfigurationPlatforms) = postSolution
		{D419B31A-D153-46C4-A42C-4972001BEF96}.Debug|Any CPU.ActiveCfg = Debug|Any CPU
		{D419B31A-D153-46C4-A42C-4972001BEF96}.Debug|Any CPU.Build.0 = Debug|Any CPU
		{D419B31A-D153-46C4-A42C-4972001BEF96}.Release|Any CPU.ActiveCfg = Release|Any CPU
		{D419B31A-D153-46C4-A42C-4972001BEF96}.Release|Any CPU.Build.0 = Release|Any CPU
		{0F56EDA9-CF7F-4C49-A67B-3FCD434D4902}.Debug|Any CPU.ActiveCfg = Debug|Any CPU
		{0F56EDA9-CF7F-4C49-A67B-3FCD434D4902}.Debug|Any CPU.Build.0 = Debug|Any CPU
		{0F56EDA9-CF7F-4C49-A67B-3FCD434D4902}.Release|Any CPU.ActiveCfg = Release|Any CPU
		{0F56EDA9-CF7F-4C49-A67B-3FCD434D4902}.Release|Any CPU.Build.0 = Release|Any CPU
		{C07AE3AA-A334-4ED2-AC8E-3B8B8F748669}.Debug|Any CPU.ActiveCfg = Debug|Any CPU
		{C07AE3AA-A334-4ED2-AC8E-3B8B8F748669}.Debug|Any CPU.Build.0 = Debug|Any CPU
		{C07AE3AA-A334-4ED2-AC8E-3B8B8F748669}.Release|Any CPU.ActiveCfg = Release|Any CPU
		{C07AE3AA-A334-4ED2-AC8E-3B8B8F748669}.Release|Any CPU.Build.0 = Release|Any CPU
	EndGlobalSection
	GlobalSection(SolutionProperties) = preSolution
		HideSolutionNode = FALSE
	EndGlobalSection
	GlobalSection(NestedProjects) = preSolution
		{D419B31A-D153-46C4-A42C-4972001BEF96} = {61F6B874-EA29-4E5B-9702-F3C1D04721DF}
		{0F56EDA9-CF7F-4C49-A67B-3FCD434D4902} = {61F6B874-EA29-4E5B-9702-F3C1D04721DF}
		{C07AE3AA-A334-4ED2-AC8E-3B8B8F748669} = {61F6B874-EA29-4E5B-9702-F3C1D04721DF}
	EndGlobalSection
EndGlobal
